<?xml version="1.0" encoding="utf-8"?>
<Project ToolsVersion="4.0" xmlns="http://schemas.microsoft.com/developer/msbuild/2003">
  <ItemGroup>
    <Filter Include="Source Files">
      <UniqueIdentifier>{4FC737F1-C7A5-4376-A066-2A32D752A2FF}</UniqueIdentifier>
      <Extensions>cpp;c;cc;cxx;def;odl;idl;hpj;bat;asm;asmx</Extensions>
    </Filter>
    <Filter Include="Header Files">
      <UniqueIdentifier>{93995380-89BD-4b04-88EB-625FBE52EBFB}</UniqueIdentifier>
      <Extensions>h;hh;hpp;hxx;hm;inl;inc;xsd</Extensions>
    </Filter>
    <Filter Include="Resource Files">
      <UniqueIdentifier>{67DA6AB6-F800-4c08-8B7A-83BB121AAD01}</UniqueIdentifier>
      <Extensions>rc;ico;cur;bmp;dlg;rc2;rct;bin;rgs;gif;jpg;jpeg;jpe;resx;tiff;tif;png;wav;mfcribbon-ms</Extensions>
    </Filter>
    <Filter Include="Source Files\Menu">
      <UniqueIdentifier>{1995ee35-b71e-4611-b27c-d4af73cde7f5}</UniqueIdentifier>
    </Filter>
    <Filter Include="Header Files\Menu">
      <UniqueIdentifier>{e78c2df7-a6d6-4ef4-a283-569c0c10d1f2}</UniqueIdentifier>
    </Filter>
    <Filter Include="Header Files\Level">
      <UniqueIdentifier>{c19d884f-c96c-4a42-8740-7e7ddd5e4852}</UniqueIdentifier>
    </Filter>
    <Filter Include="Source Files\Level">
      <UniqueIdentifier>{7aafb54b-0595-426b-800a-5c103c84b8b9}</UniqueIdentifier>
    </Filter>
    <Filter Include="Source Files\GameObject">
      <UniqueIdentifier>{43bd045c-dc33-47ee-9521-ded0e1bb5e75}</UniqueIdentifier>
    </Filter>
    <Filter Include="Header Files\GameObject">
      <UniqueIdentifier>{6ed71c05-dbd1-44b5-b7e8-4cd12aa0fc9f}</UniqueIdentifier>
    </Filter>
    <Filter Include="Resource Files\Font">
      <UniqueIdentifier>{a7b323e5-a73e-4cc0-89b5-f0a383580942}</UniqueIdentifier>
    </Filter>
    <Filter Include="Resource Files\Texture">
      <UniqueIdentifier>{2756ad11-8b17-4b33-a08a-1b8dbefc9e78}</UniqueIdentifier>
    </Filter>
    <Filter Include="Resource Files\Texture\Addiditonal Object">
      <UniqueIdentifier>{5a08c5ac-4b0e-4b9e-ab50-5e6d32ce8d8d}</UniqueIdentifier>
    </Filter>
    <Filter Include="Resource Files\Texture\PlayerCar">
      <UniqueIdentifier>{6467aff0-312b-4a63-8b65-10271e7e4498}</UniqueIdentifier>
    </Filter>
    <Filter Include="Resource Files\Texture\Road">
      <UniqueIdentifier>{a98f13da-c60b-434d-afbb-de2c8ce77375}</UniqueIdentifier>
    </Filter>
    <Filter Include="Resource Files\Texture\TrafficCar">
      <UniqueIdentifier>{e79ad19c-d0a6-4f92-9f11-0b99868bc4be}</UniqueIdentifier>
    </Filter>
  </ItemGroup>
  <ItemGroup>
    <ClInclude Include="Level.h">
      <Filter>Header Files\Level</Filter>
    </ClInclude>
    <ClInclude Include="Headers\Framework.hpp">
      <Filter>Header Files</Filter>
    </ClInclude>
    <ClInclude Include="Headers\HeadsUpDisplay.h">
      <Filter>Header Files</Filter>
    </ClInclude>
    <ClInclude Include="Headers\stdafx.h">
      <Filter>Header Files</Filter>
    </ClInclude>
    <ClInclude Include="Headers\targetver.h">
      <Filter>Header Files</Filter>
    </ClInclude>
    <ClInclude Include="Headers\GameObject\AICar.h">
      <Filter>Header Files\GameObject</Filter>
    </ClInclude>
    <ClInclude Include="Headers\GameObject\Bullet.h">
      <Filter>Header Files\GameObject</Filter>
    </ClInclude>
    <ClInclude Include="Headers\GameObject\Car.h">
      <Filter>Header Files\GameObject</Filter>
    </ClInclude>
    <ClInclude Include="Headers\GameObject\EnergyCanister.h">
      <Filter>Header Files\GameObject</Filter>
    </ClInclude>
    <ClInclude Include="Headers\GameObject\GameObject.h">
      <Filter>Header Files\GameObject</Filter>
    </ClInclude>
    <ClInclude Include="Headers\GameObject\GameObjectContainer.h">
      <Filter>Header Files\GameObject</Filter>
    </ClInclude>
    <ClInclude Include="Headers\GameObject\GameObjects.h">
      <Filter>Header Files\GameObject</Filter>
    </ClInclude>
    <ClInclude Include="Headers\GameObject\PlayerCar.h">
      <Filter>Header Files\GameObject</Filter>
    </ClInclude>
    <ClInclude Include="Headers\Level\Level.h">
      <Filter>Header Files\Level</Filter>
    </ClInclude>
    <ClInclude Include="Headers\Menu\GameOverScreen.h">
      <Filter>Header Files\Menu</Filter>
    </ClInclude>
    <ClInclude Include="Headers\Menu\Menu.h">
      <Filter>Header Files\Menu</Filter>
    </ClInclude>
    <ClInclude Include="Headers\Menu\MenuItem.h">
      <Filter>Header Files\Menu</Filter>
    </ClInclude>
    <ClInclude Include="Headers\Menu\MenuResults.h">
      <Filter>Header Files\Menu</Filter>
    </ClInclude>
    <ClInclude Include="Headers\GameObject\Toolbox.h">
      <Filter>Header Files\GameObject</Filter>
    </ClInclude>
    <ClInclude Include="PlayerStats.h">
      <Filter>Header Files</Filter>
    </ClInclude>
  </ItemGroup>
  <ItemGroup>
    <ClCompile Include="Source\Framework.cpp">
      <Filter>Source Files</Filter>
    </ClCompile>
    <ClCompile Include="Source\HeadsUpDisplay.cpp">
      <Filter>Source Files</Filter>
    </ClCompile>
    <ClCompile Include="Source\RacingToHell.cpp">
      <Filter>Source Files</Filter>
    </ClCompile>
    <ClCompile Include="Source\stdafx.cpp">
      <Filter>Source Files</Filter>
    </ClCompile>
    <ClCompile Include="Source\GameObject\AICar.cpp">
      <Filter>Source Files\GameObject</Filter>
    </ClCompile>
    <ClCompile Include="Source\GameObject\Bullet.cpp">
      <Filter>Source Files\GameObject</Filter>
    </ClCompile>
    <ClCompile Include="Source\GameObject\Car.cpp">
      <Filter>Source Files\GameObject</Filter>
    </ClCompile>
    <ClCompile Include="Source\GameObject\EnergyCanister.cpp">
      <Filter>Source Files\GameObject</Filter>
    </ClCompile>
    <ClCompile Include="Source\GameObject\GameObject.cpp">
      <Filter>Source Files\GameObject</Filter>
    </ClCompile>
    <ClCompile Include="Source\GameObject\GameObjectContainer.cpp">
      <Filter>Source Files\GameObject</Filter>
    </ClCompile>
    <ClCompile Include="Source\GameObject\PlayerCar.cpp">
      <Filter>Source Files\GameObject</Filter>
    </ClCompile>
    <ClCompile Include="Source\GameObject\Toolbox.cpp">
      <Filter>Source Files\GameObject</Filter>
    </ClCompile>
    <ClCompile Include="Source\Level\Level.cpp">
      <Filter>Source Files\Level</Filter>
    </ClCompile>
    <ClCompile Include="Source\Menu\GameOverScreen.cpp">
      <Filter>Source Files\Menu</Filter>
    </ClCompile>
    <ClCompile Include="Source\Menu\Menu.cpp">
      <Filter>Source Files\Menu</Filter>
    </ClCompile>
    <ClCompile Include="Source\Menu\MenuItem.cpp">
      <Filter>Source Files\Menu</Filter>
    </ClCompile>
  </ItemGroup>
  <ItemGroup>
    <None Include="README.md" />
    <None Include=".gitignore" />
  </ItemGroup>
  <ItemGroup>
    <Image Include="Resources\Texture\TrafficCar\Traffic1.png">
      <Filter>Resource Files\Texture\TrafficCar</Filter>
    </Image>
    <Image Include="Resources\Texture\TrafficCar\Traffic2.png">
      <Filter>Resource Files\Texture\TrafficCar</Filter>
    </Image>
    <Image Include="Resources\Texture\TrafficCar\Traffic3.png">
      <Filter>Resource Files\Texture\TrafficCar</Filter>
    </Image>
    <Image Include="Resources\Texture\TrafficCar\Traffic4.png">
      <Filter>Resource Files\Texture\TrafficCar</Filter>
    </Image>
    <Image Include="Resources\Texture\TrafficCar\Traffic5.png">
      <Filter>Resource Files\Texture\TrafficCar</Filter>
    </Image>
    <Image Include="Resources\Texture\TrafficCar\Traffic6.png">
      <Filter>Resource Files\Texture\TrafficCar</Filter>
    </Image>
    <Image Include="Resources\Texture\TrafficCar\Traffic7.png">
      <Filter>Resource Files\Texture\TrafficCar</Filter>
    </Image>
    <Image Include="Resources\Texture\Road\Road1.jpg">
      <Filter>Resource Files\Texture\Road</Filter>
    </Image>
    <Image Include="Resources\Texture\Road\Road2.jpg">
      <Filter>Resource Files\Texture\Road</Filter>
    </Image>
    <Image Include="Resources\Texture\Road\Road3.jpg">
      <Filter>Resource Files\Texture\Road</Filter>
    </Image>
    <Image Include="Resources\Texture\PlayerCar\playercar1.png">
      <Filter>Resource Files\Texture\PlayerCar</Filter>
    </Image>
    <Image Include="Resources\Texture\PlayerCar\playercar2.png">
      <Filter>Resource Files\Texture\PlayerCar</Filter>
    </Image>
    <Image Include="Resources\Texture\PlayerCar\playercar3.png">
      <Filter>Resource Files\Texture\PlayerCar</Filter>
    </Image>
    <Image Include="Resources\Texture\PlayerCar\playercar4.png">
      <Filter>Resource Files\Texture\PlayerCar</Filter>
    </Image>
    <Image Include="Resources\Texture\Object\Bullet.png">
      <Filter>Resource Files\Texture\Addiditonal Object</Filter>
    </Image>
    <Image Include="Resources\Texture\Object\canister.png">
      <Filter>Resource Files\Texture\Addiditonal Object</Filter>
    </Image>
    <Image Include="Resources\Texture\Object\toolbox.png">
      <Filter>Resource Files\Texture\Addiditonal Object</Filter>
    </Image>
  </ItemGroup>
  <ItemGroup>
    <Font Include="Resources\Font\arial.ttf">
      <Filter>Resource Files\Font</Filter>
    </Font>
  </ItemGroup>
</Project>