<?xml version="1.0" encoding="utf-8"?>
<Project ToolsVersion="4.0" xmlns="http://schemas.microsoft.com/developer/msbuild/2003">
  <ItemGroup>
    <Filter Include="Source Files">
      <UniqueIdentifier>{4FC737F1-C7A5-4376-A066-2A32D752A2FF}</UniqueIdentifier>
      <Extensions>cpp;c;cc;cxx;def;odl;idl;hpj;bat;asm;asmx</Extensions>
    </Filter>
    <Filter Include="Header Files">
      <UniqueIdentifier>{93995380-89BD-4b04-88EB-625FBE52EBFB}</UniqueIdentifier>
      <Extensions>h;hh;hpp;hxx;hm;inl;inc;xsd</Extensions>
    </Filter>
    <Filter Include="Resource Files">
      <UniqueIdentifier>{67DA6AB6-F800-4c08-8B7A-83BB121AAD01}</UniqueIdentifier>
      <Extensions>rc;ico;cur;bmp;dlg;rc2;rct;bin;rgs;gif;jpg;jpeg;jpe;resx;tiff;tif;png;wav;mfcribbon-ms</Extensions>
    </Filter>
    <Filter Include="Source Files\Menu">
      <UniqueIdentifier>{1995ee35-b71e-4611-b27c-d4af73cde7f5}</UniqueIdentifier>
    </Filter>
    <Filter Include="Header Files\Menu">
      <UniqueIdentifier>{e78c2df7-a6d6-4ef4-a283-569c0c10d1f2}</UniqueIdentifier>
    </Filter>
    <Filter Include="Header Files\Level">
      <UniqueIdentifier>{c19d884f-c96c-4a42-8740-7e7ddd5e4852}</UniqueIdentifier>
    </Filter>
    <Filter Include="Source Files\Level">
      <UniqueIdentifier>{7aafb54b-0595-426b-800a-5c103c84b8b9}</UniqueIdentifier>
    </Filter>
    <Filter Include="Source Files\GameObject">
      <UniqueIdentifier>{43bd045c-dc33-47ee-9521-ded0e1bb5e75}</UniqueIdentifier>
    </Filter>
    <Filter Include="Header Files\GameObject">
      <UniqueIdentifier>{6ed71c05-dbd1-44b5-b7e8-4cd12aa0fc9f}</UniqueIdentifier>
    </Filter>
    <Filter Include="Resource Files\Font">
      <UniqueIdentifier>{a7b323e5-a73e-4cc0-89b5-f0a383580942}</UniqueIdentifier>
    </Filter>
    <Filter Include="Resource Files\Texture">
      <UniqueIdentifier>{2756ad11-8b17-4b33-a08a-1b8dbefc9e78}</UniqueIdentifier>
    </Filter>
    <Filter Include="Resource Files\Texture\PlayerCar">
      <UniqueIdentifier>{6467aff0-312b-4a63-8b65-10271e7e4498}</UniqueIdentifier>
    </Filter>
    <Filter Include="Resource Files\Texture\Road">
      <UniqueIdentifier>{a98f13da-c60b-434d-afbb-de2c8ce77375}</UniqueIdentifier>
    </Filter>
    <Filter Include="Resource Files\Texture\TrafficCar">
      <UniqueIdentifier>{e79ad19c-d0a6-4f92-9f11-0b99868bc4be}</UniqueIdentifier>
    </Filter>
    <Filter Include="Resource Files\Sound">
      <UniqueIdentifier>{4b28e776-ad92-46c7-be63-3d9062b11cf2}</UniqueIdentifier>
    </Filter>
    <Filter Include="Resource Files\Sound\Music">
      <UniqueIdentifier>{a6647076-d2bd-49d7-9ba2-7399a87d4bbf}</UniqueIdentifier>
    </Filter>
    <Filter Include="Resource Files\Data">
      <UniqueIdentifier>{c42a54d2-56e4-4411-9971-e69e4b71f23b}</UniqueIdentifier>
    </Filter>
    <Filter Include="Resource Files\Texture\Object">
      <UniqueIdentifier>{5a08c5ac-4b0e-4b9e-ab50-5e6d32ce8d8d}</UniqueIdentifier>
    </Filter>
    <Filter Include="Resource Files\Texture\HUD">
      <UniqueIdentifier>{b7e6865b-5842-49f2-8c09-779a99804b96}</UniqueIdentifier>
    </Filter>
    <Filter Include="Resource Files\Texture\MainMenu">
      <UniqueIdentifier>{e50cfe5b-58c7-4066-a315-958e872d7b78}</UniqueIdentifier>
    </Filter>
    <Filter Include="Resource Files\Texture\BossCar">
      <UniqueIdentifier>{6a98c5d6-379f-4ae7-8db4-c1b14462f7f6}</UniqueIdentifier>
    </Filter>
    <Filter Include="Header Files\Animation">
      <UniqueIdentifier>{e854551c-7405-4e35-815e-2ba2e73b577e}</UniqueIdentifier>
    </Filter>
    <Filter Include="Source Files\Animation">
      <UniqueIdentifier>{7190d415-7cfb-4bbd-b0fc-876fed70541a}</UniqueIdentifier>
    </Filter>
    <Filter Include="Header Files\GameObject\Boss">
      <UniqueIdentifier>{b55f5757-70c5-45a8-8ea7-13e76139b9af}</UniqueIdentifier>
    </Filter>
    <Filter Include="Source Files\GameObject\Boss">
      <UniqueIdentifier>{e57f8b01-8631-497e-8c6a-a1d24af79076}</UniqueIdentifier>
    </Filter>
    <Filter Include="Header Files\Menu\MenuItem">
      <UniqueIdentifier>{9cddd3e6-8943-44e1-b770-162ef847ed01}</UniqueIdentifier>
    </Filter>
    <Filter Include="Source Files\Menu\MenuItem">
      <UniqueIdentifier>{e6073c5f-1daf-4551-97e3-45c6b9fc2c67}</UniqueIdentifier>
    </Filter>
  </ItemGroup>
  <ItemGroup>
    <ClInclude Include="Headers\Framework.hpp">
      <Filter>Header Files</Filter>
    </ClInclude>
    <ClInclude Include="Headers\HeadsUpDisplay.h">
      <Filter>Header Files</Filter>
    </ClInclude>
    <ClInclude Include="Headers\stdafx.h">
      <Filter>Header Files</Filter>
    </ClInclude>
    <ClInclude Include="Headers\targetver.h">
      <Filter>Header Files</Filter>
    </ClInclude>
    <ClInclude Include="Headers\GameObject\AICar.h">
      <Filter>Header Files\GameObject</Filter>
    </ClInclude>
    <ClInclude Include="Headers\GameObject\Bullet.h">
      <Filter>Header Files\GameObject</Filter>
    </ClInclude>
    <ClInclude Include="Headers\GameObject\Car.h">
      <Filter>Header Files\GameObject</Filter>
    </ClInclude>
    <ClInclude Include="Headers\GameObject\GameObject.h">
      <Filter>Header Files\GameObject</Filter>
    </ClInclude>
    <ClInclude Include="Headers\GameObject\GameObjectContainer.h">
      <Filter>Header Files\GameObject</Filter>
    </ClInclude>
    <ClInclude Include="Headers\Level\Level.h">
      <Filter>Header Files\Level</Filter>
    </ClInclude>
    <ClInclude Include="Headers\Menu\GameOverScreen.h">
      <Filter>Header Files\Menu</Filter>
    </ClInclude>
    <ClInclude Include="Headers\Menu\Menu.h">
      <Filter>Header Files\Menu</Filter>
    </ClInclude>
    <ClInclude Include="Headers\PlayerStats.h">
      <Filter>Header Files</Filter>
    </ClInclude>
    <ClInclude Include="Headers\Menu\LevelUpScreen.h">
      <Filter>Header Files\Menu</Filter>
    </ClInclude>
    <ClInclude Include="Headers\StandardCursor.h">
      <Filter>Header Files</Filter>
    </ClInclude>
    <ClInclude Include="Headers\GameState.h">
      <Filter>Header Files</Filter>
    </ClInclude>
    <ClInclude Include="Headers\Menu\PauseMenu.h">
      <Filter>Header Files\Menu</Filter>
    </ClInclude>
    <ClInclude Include="Headers\Menu\OptionsMenu.h">
      <Filter>Header Files\Menu</Filter>
    </ClInclude>
    <ClInclude Include="Headers\Menu\MainMenu.h">
      <Filter>Header Files\Menu</Filter>
    </ClInclude>
    <ClInclude Include="Headers\Menu\LoadingScreen.h">
      <Filter>Header Files\Menu</Filter>
    </ClInclude>
    <ClInclude Include="Headers\Menu\AlignText.h">
      <Filter>Header Files\Menu</Filter>
    </ClInclude>
    <ClInclude Include="Headers\Serializable.h">
      <Filter>Header Files</Filter>
    </ClInclude>
    <ClInclude Include="Headers\Collision.h">
      <Filter>Header Files</Filter>
    </ClInclude>
    <ClInclude Include="Headers\Animation\Explosion.h">
      <Filter>Header Files\Animation</Filter>
    </ClInclude>
    <ClInclude Include="Headers\Animation\Animation.h">
      <Filter>Header Files\Animation</Filter>
    </ClInclude>
    <ClInclude Include="Headers\Animation\MechLegs.h">
      <Filter>Header Files\Animation</Filter>
    </ClInclude>
    <ClInclude Include="Headers\Animation\MechTop.h">
      <Filter>Header Files\Animation</Filter>
    </ClInclude>
    <ClInclude Include="Headers\GameObject\Boss\BossCar.h">
      <Filter>Header Files\GameObject\Boss</Filter>
    </ClInclude>
    <ClInclude Include="Headers\GameObject\Boss\Tank.h">
      <Filter>Header Files\GameObject\Boss</Filter>
    </ClInclude>
    <ClInclude Include="Headers\GameObject\Boss\Jet.h">
      <Filter>Header Files\GameObject\Boss</Filter>
    </ClInclude>
    <ClInclude Include="Headers\GameObject\Boss\Carrier.h">
      <Filter>Header Files\GameObject\Boss</Filter>
    </ClInclude>
    <ClInclude Include="Headers\GameObject\Boss\Mech.h">
      <Filter>Header Files\GameObject\Boss</Filter>
    </ClInclude>
    <ClInclude Include="Headers\Menu\MenuItem\MenuButton.h">
      <Filter>Header Files\Menu\MenuItem</Filter>
    </ClInclude>
    <ClInclude Include="Headers\Menu\MenuItem\MenuItem.h">
      <Filter>Header Files\Menu\MenuItem</Filter>
    </ClInclude>
    <ClInclude Include="Headers\Menu\MenuItem\Slider.h">
      <Filter>Header Files\Menu\MenuItem</Filter>
    </ClInclude>
    <ClInclude Include="Headers\Menu\MenuItem\Textbox.h">
      <Filter>Header Files\Menu\MenuItem</Filter>
    </ClInclude>
    <ClInclude Include="Headers\Menu\MenuItem\StatBox.h">
      <Filter>Header Files\Menu\MenuItem</Filter>
    </ClInclude>
    <ClInclude Include="Headers\Menu\MenuItem\HighscoreList.h">
      <Filter>Header Files\Menu\MenuItem</Filter>
    </ClInclude>
    <ClInclude Include="Headers\Menu\MenuItem\MenuResults.h">
      <Filter>Header Files\Menu\MenuItem</Filter>
    </ClInclude>
    <ClInclude Include="Headers\Menu\HighscoreMenu.h">
      <Filter>Header Files\Menu</Filter>
    </ClInclude>
    <ClInclude Include="Headers\GameObject\GameObjectType.h">
      <Filter>Header Files\GameObject</Filter>
    </ClInclude>
    <ClInclude Include="Headers\Menu\MenuItem\MenuItemType.h">
      <Filter>Header Files\Menu\MenuItem</Filter>
    </ClInclude>
    <ClInclude Include="Headers\Menu\AboutScreen.h">
      <Filter>Header Files</Filter>
    </ClInclude>
    <ClInclude Include="Headers\Menu\MenuItem\ComboBox.h">
      <Filter>Header Files</Filter>
    </ClInclude>
    <ClInclude Include="resource.h">
      <Filter>Header Files</Filter>
    </ClInclude>
    <ClInclude Include="Headers\Multiplayer\NetworkHandle.h">
      <Filter>Header Files</Filter>
    </ClInclude>
    <ClInclude Include="Headers\Menu\MultiplayerMenu.h">
      <Filter>Header Files</Filter>
    </ClInclude>
    <ClInclude Include="Headers\Menu\MultiplayerLobby.h">
      <Filter>Header Files</Filter>
    </ClInclude>
    <ClInclude Include="Headers\Menu\MenuItem\PlayerTable.h">
      <Filter>Header Files</Filter>
    </ClInclude>
    <ClInclude Include="Headers\GameObject\GameObjectFactory.h">
      <Filter>Header Files</Filter>
    </ClInclude>
    <ClInclude Include="Headers\Multiplayer\Communication.h">
      <Filter>Header Files</Filter>
    </ClInclude>
    <ClInclude Include="Headers\Menu\Countdown.h">
      <Filter>Header Files</Filter>
    </ClInclude>
    <ClInclude Include="Headers\GameObject\PlayerCar.h">
      <Filter>Header Files\GameObject</Filter>
    </ClInclude>
    <ClInclude Include="Headers\Menu\PauseMultiplayerMenu.h">
      <Filter>Header Files</Filter>
    </ClInclude>
  </ItemGroup>
  <ItemGroup>
    <ClCompile Include="Source\Framework.cpp">
      <Filter>Source Files</Filter>
    </ClCompile>
    <ClCompile Include="Source\HeadsUpDisplay.cpp">
      <Filter>Source Files</Filter>
    </ClCompile>
    <ClCompile Include="Source\RacingToHell.cpp">
      <Filter>Source Files</Filter>
    </ClCompile>
    <ClCompile Include="Source\stdafx.cpp">
      <Filter>Source Files</Filter>
    </ClCompile>
    <ClCompile Include="Source\GameObject\AICar.cpp">
      <Filter>Source Files\GameObject</Filter>
    </ClCompile>
    <ClCompile Include="Source\GameObject\Bullet.cpp">
      <Filter>Source Files\GameObject</Filter>
    </ClCompile>
    <ClCompile Include="Source\GameObject\Car.cpp">
      <Filter>Source Files\GameObject</Filter>
    </ClCompile>
    <ClCompile Include="Source\GameObject\GameObject.cpp">
      <Filter>Source Files\GameObject</Filter>
    </ClCompile>
    <ClCompile Include="Source\GameObject\GameObjectContainer.cpp">
      <Filter>Source Files\GameObject</Filter>
    </ClCompile>
    <ClCompile Include="Source\GameObject\PlayerCar.cpp">
      <Filter>Source Files\GameObject</Filter>
    </ClCompile>
    <ClCompile Include="Source\Level\Level.cpp">
      <Filter>Source Files\Level</Filter>
    </ClCompile>
    <ClCompile Include="Source\Menu\GameOverScreen.cpp">
      <Filter>Source Files\Menu</Filter>
    </ClCompile>
    <ClCompile Include="Source\Menu\Menu.cpp">
      <Filter>Source Files\Menu</Filter>
    </ClCompile>
    <ClCompile Include="Source\Menu\LevelUpScreen.cpp">
      <Filter>Source Files\Menu</Filter>
    </ClCompile>
    <ClCompile Include="Source\StandardCursor.cpp">
      <Filter>Source Files</Filter>
    </ClCompile>
    <ClCompile Include="Source\Menu\MainMenu.cpp">
      <Filter>Source Files\Menu</Filter>
    </ClCompile>
    <ClCompile Include="Source\Menu\OptionsMenu.cpp">
      <Filter>Source Files\Menu</Filter>
    </ClCompile>
    <ClCompile Include="Source\Menu\PauseMenu.cpp">
      <Filter>Source Files\Menu</Filter>
    </ClCompile>
    <ClCompile Include="Source\Menu\LoadingScreen.cpp">
      <Filter>Source Files\Menu</Filter>
    </ClCompile>
    <ClCompile Include="Source\Collision.cpp">
      <Filter>Source Files</Filter>
    </ClCompile>
    <ClCompile Include="Source\Animation\Animation.cpp">
      <Filter>Source Files\Animation</Filter>
    </ClCompile>
    <ClCompile Include="Source\Animation\Explosion.cpp">
      <Filter>Source Files\Animation</Filter>
    </ClCompile>
    <ClCompile Include="Source\Animation\MechLegs.cpp">
      <Filter>Source Files\Animation</Filter>
    </ClCompile>
    <ClCompile Include="Source\Animation\MechTop.cpp">
      <Filter>Source Files\Animation</Filter>
    </ClCompile>
    <ClCompile Include="Source\GameObject\Boss\BossCar.cpp">
      <Filter>Source Files\GameObject\Boss</Filter>
    </ClCompile>
    <ClCompile Include="Source\GameObject\Boss\Carrier.cpp">
      <Filter>Source Files\GameObject\Boss</Filter>
    </ClCompile>
    <ClCompile Include="Source\GameObject\Boss\Tank.cpp">
      <Filter>Source Files\GameObject\Boss</Filter>
    </ClCompile>
    <ClCompile Include="Source\GameObject\Boss\Jet.cpp">
      <Filter>Source Files\GameObject\Boss</Filter>
    </ClCompile>
    <ClCompile Include="Source\GameObject\Boss\Mech.cpp">
      <Filter>Source Files\GameObject\Boss</Filter>
    </ClCompile>
    <ClCompile Include="Source\Menu\MenuItem\Textbox.cpp">
      <Filter>Source Files\Menu\MenuItem</Filter>
    </ClCompile>
    <ClCompile Include="Source\Menu\MenuItem\StatBox.cpp">
      <Filter>Source Files\Menu\MenuItem</Filter>
    </ClCompile>
    <ClCompile Include="Source\Menu\MenuItem\Slider.cpp">
      <Filter>Source Files\Menu\MenuItem</Filter>
    </ClCompile>
    <ClCompile Include="Source\Menu\MenuItem\MenuItem.cpp">
      <Filter>Source Files\Menu\MenuItem</Filter>
    </ClCompile>
    <ClCompile Include="Source\Menu\MenuItem\MenuButton.cpp">
      <Filter>Source Files\Menu\MenuItem</Filter>
    </ClCompile>
    <ClCompile Include="Source\Menu\MenuItem\HighscoreList.cpp">
      <Filter>Source Files\Menu\MenuItem</Filter>
    </ClCompile>
    <ClCompile Include="Source\Menu\HighscoreMenu.cpp">
      <Filter>Source Files\Menu</Filter>
    </ClCompile>
    <ClCompile Include="Source\Menu\AboutScreen.cpp">
      <Filter>Source Files</Filter>
    </ClCompile>
    <ClCompile Include="Source\Serializable.cpp">
      <Filter>Source Files</Filter>
    </ClCompile>
    <ClCompile Include="Source\Menu\MenuItem\ComboBox.cpp">
      <Filter>Source Files</Filter>
    </ClCompile>
    <ClCompile Include="Source\Multiplayer\NetworkHandle.cpp">
      <Filter>Source Files</Filter>
    </ClCompile>
    <ClCompile Include="Source\Menu\MultiplayerMenu.cpp">
      <Filter>Source Files</Filter>
    </ClCompile>
    <ClCompile Include="Source\Menu\MultiplayerLobby.cpp">
      <Filter>Source Files</Filter>
    </ClCompile>
    <ClCompile Include="Source\Menu\MenuItem\PlayerTable.cpp">
      <Filter>Source Files</Filter>
    </ClCompile>
    <ClCompile Include="Source\GameObject\GameObjectFactory.cpp">
      <Filter>Source Files</Filter>
    </ClCompile>
    <ClCompile Include="Source\Menu\Countdown.cpp">
      <Filter>Source Files</Filter>
    </ClCompile>
    <ClCompile Include="Source\Menu\PauseMultiplayerMenu.cpp">
      <Filter>Source Files</Filter>
    </ClCompile>
  </ItemGroup>
  <ItemGroup>
    <None Include="README.md" />
    <None Include=".gitignore" />
    <None Include="Resources\Sound\Music\level1.ogg">
      <Filter>Resource Files\Sound\Music</Filter>
    </None>
    <None Include="Resources\Sound\Music\menu1.ogg">
      <Filter>Resource Files\Sound\Music</Filter>
    </None>
    <None Include="Resources\Data\Settings.cfg" />
    <None Include="Resources\Data\Highscore.sco" />
    <None Include="Resources\Texture\Icon.ico.part" />
  </ItemGroup>
  <ItemGroup>
    <Image Include="Resources\Texture\TrafficCar\Traffic1.png">
      <Filter>Resource Files\Texture\TrafficCar</Filter>
    </Image>
    <Image Include="Resources\Texture\TrafficCar\Traffic2.png">
      <Filter>Resource Files\Texture\TrafficCar</Filter>
    </Image>
    <Image Include="Resources\Texture\TrafficCar\Traffic3.png">
      <Filter>Resource Files\Texture\TrafficCar</Filter>
    </Image>
    <Image Include="Resources\Texture\TrafficCar\Traffic4.png">
      <Filter>Resource Files\Texture\TrafficCar</Filter>
    </Image>
    <Image Include="Resources\Texture\TrafficCar\Traffic5.png">
      <Filter>Resource Files\Texture\TrafficCar</Filter>
    </Image>
    <Image Include="Resources\Texture\TrafficCar\Traffic6.png">
      <Filter>Resource Files\Texture\TrafficCar</Filter>
    </Image>
    <Image Include="Resources\Texture\TrafficCar\Traffic7.png">
      <Filter>Resource Files\Texture\TrafficCar</Filter>
    </Image>
    <Image Include="Resources\Texture\Road\Road1.jpg">
      <Filter>Resource Files\Texture\Road</Filter>
    </Image>
    <Image Include="Resources\Texture\Road\Road2.jpg">
      <Filter>Resource Files\Texture\Road</Filter>
    </Image>
    <Image Include="Resources\Texture\Road\Road3.jpg">
      <Filter>Resource Files\Texture\Road</Filter>
    </Image>
    <Image Include="Resources\Texture\PlayerCar\playercar1.png">
      <Filter>Resource Files\Texture\PlayerCar</Filter>
    </Image>
    <Image Include="Resources\Texture\PlayerCar\playercar2.png">
      <Filter>Resource Files\Texture\PlayerCar</Filter>
    </Image>
    <Image Include="Resources\Texture\PlayerCar\playercar3.png">
      <Filter>Resource Files\Texture\PlayerCar</Filter>
    </Image>
    <Image Include="Resources\Texture\PlayerCar\playercar4.png">
      <Filter>Resource Files\Texture\PlayerCar</Filter>
    </Image>
    <Image Include="Resources\Texture\Object\Bullet.png">
      <Filter>Resource Files\Texture\Object</Filter>
    </Image>
    <Image Include="Resources\Texture\Object\canister.png">
      <Filter>Resource Files\Texture\Object</Filter>
    </Image>
    <Image Include="Resources\Texture\Object\toolbox.png">
      <Filter>Resource Files\Texture\Object</Filter>
    </Image>
    <Image Include="Resources\Texture\HUD\HUD_HealthIcon.png">
      <Filter>Resource Files\Texture\HUD</Filter>
    </Image>
    <Image Include="Resources\Texture\HUD\HUD_Background.png">
      <Filter>Resource Files\Texture\HUD</Filter>
    </Image>
    <Image Include="Resources\Texture\HUD\HUD_EnergyIcon.png">
      <Filter>Resource Files\Texture\HUD</Filter>
    </Image>
    <Image Include="Resources\Texture\MainMenu\StatBar.png">
      <Filter>Resource Files\Texture\MainMenu</Filter>
    </Image>
    <Image Include="Resources\Texture\Road\Road4.jpg">
      <Filter>Resource Files\Texture\Road</Filter>
    </Image>
    <Image Include="Resources\Texture\PlayerCar\crosshair.png">
      <Filter>Resource Files\Texture\PlayerCar</Filter>
    </Image>
    <Image Include="Resources\Texture\Road\Road5.jpg">
      <Filter>Resource Files\Texture\Road</Filter>
    </Image>
    <Image Include="Resources\Texture\BossCar\cannon.png">
      <Filter>Resource Files\Texture\BossCar</Filter>
    </Image>
    <Image Include="Resources\Texture\BossCar\tank.png">
      <Filter>Resource Files\Texture\BossCar</Filter>
    </Image>
    <Image Include="Resources\Texture\PlayerCar\playercar6.png">
      <Filter>Resource Files\Texture\PlayerCar</Filter>
    </Image>
    <Image Include="Resources\Texture\PlayerCar\playercar5.png">
      <Filter>Resource Files\Texture\PlayerCar</Filter>
    </Image>
    <Image Include="Resources\Texture\BossCar\cannonCarrier.png">
      <Filter>Resource Files\Texture\BossCar</Filter>
    </Image>
    <Image Include="Resources\Texture\BossCar\CannonTank.png">
      <Filter>Resource Files\Texture\BossCar</Filter>
    </Image>
    <Image Include="Resources\Texture\BossCar\Carrier.png">
      <Filter>Resource Files\Texture\BossCar</Filter>
    </Image>
    <Image Include="Resources\Texture\BossCar\mech-legs.png">
      <Filter>Resource Files\Texture\BossCar</Filter>
    </Image>
    <Image Include="Resources\Texture\BossCar\mech-top.png">
      <Filter>Resource Files\Texture\BossCar</Filter>
    </Image>
    <Image Include="Resources\Texture\LevelUp\double_arrow.png">
      <Filter>Resource Files</Filter>
    </Image>
    <Image Include="Resources\Texture\LevelUp\fast_forward.png">
      <Filter>Resource Files</Filter>
    </Image>
    <Image Include="Resources\Texture\Icon\Icon.png">
      <Filter>Resource Files</Filter>
    </Image>
    <Image Include="Resources\Texture\Icon\Icon.ico">
      <Filter>Resource Files</Filter>
    </Image>
    <Image Include="Resources\Texture\PlayerTable\Admin.png">
      <Filter>Resource Files</Filter>
    </Image>
    <Image Include="Resources\Texture\PlayerTable\Cross.png">
      <Filter>Resource Files</Filter>
    </Image>
    <Image Include="Resources\Texture\PlayerTable\Tick.png">
      <Filter>Resource Files</Filter>
    </Image>
    <Image Include="Resources\Texture\PlayerTable\Trash.png">
      <Filter>Resource Files</Filter>
    </Image>
    <Image Include="Resources\Texture\MainMenu\ComboboxArrow.png">
      <Filter>Resource Files</Filter>
    </Image>
    <Image Include="Resources\Texture\Animation\explosion.png">
      <Filter>Resource Files</Filter>
    </Image>
    <Image Include="Resources\Texture\BossCar\Jet.png">
      <Filter>Resource Files</Filter>
    </Image>
  </ItemGroup>
  <ItemGroup>
    <Font Include="Resources\Font\arial.ttf">
      <Filter>Resource Files\Font</Filter>
    </Font>
  </ItemGroup>
  <ItemGroup>
    <Media Include="Resources\Sound\sample.wav">
      <Filter>Resource Files\Sound</Filter>
    </Media>
    <Media Include="Resources\Sound\gameOver.wav">
      <Filter>Resource Files\Sound</Filter>
    </Media>
    <Media Include="Resources\Sound\shotAI.wav">
      <Filter>Resource Files\Sound</Filter>
    </Media>
    <Media Include="Resources\Sound\shotPlayer.wav">
      <Filter>Resource Files\Sound</Filter>
    </Media>
    <Media Include="Resources\Sound\levelUp.wav">
      <Filter>Resource Files</Filter>
    </Media>
    <Media Include="Resources\Sound\explosion.wav">
      <Filter>Resource Files</Filter>
    </Media>
    <Media Include="Resources\Sound\jetengine.wav">
      <Filter>Resource Files</Filter>
    </Media>
  </ItemGroup>
  <ItemGroup>
    <ResourceCompile Include="RacingToHell.rc">
      <Filter>Resource Files</Filter>
    </ResourceCompile>
  </ItemGroup>
</Project>